
Microsoft Visual Studio Solution File, Format Version 11.00
# Visual Studio 2010
# SharpDevelop 5.1
Project("{FAE04EC0-301F-11D3-BF4B-00C04F79EFBC}") = "Zestaw2Zad1", "Zestaw2Zad1\Zestaw2Zad1.csproj", "{023C62B0-8BFE-4B07-935B-8E2E3392CB5C}"
EndProject
Global
	GlobalSection(SolutionConfigurationPlatforms) = preSolution
		Debug|Any CPU = Debug|Any CPU
		Release|Any CPU = Release|Any CPU
	EndGlobalSection
	GlobalSection(ProjectConfigurationPlatforms) = postSolution
		{023C62B0-8BFE-4B07-935B-8E2E3392CB5C}.Debug|Any CPU.ActiveCfg = Debug|Any CPU
		{023C62B0-8BFE-4B07-935B-8E2E3392CB5C}.Debug|Any CPU.Build.0 = Debug|Any CPU
		{023C62B0-8BFE-4B07-935B-8E2E3392CB5C}.Release|Any CPU.ActiveCfg = Release|Any CPU
		{023C62B0-8BFE-4B07-935B-8E2E3392CB5C}.Release|Any CPU.Build.0 = Release|Any CPU
	EndGlobalSection
EndGlobal
