
Microsoft Visual Studio Solution File, Format Version 11.00
# Visual Studio 2010
# SharpDevelop 5.1
Project("{FAE04EC0-301F-11D3-BF4B-00C04F79EFBC}") = "Zestaw4Zad4", "Zestaw4Zad4\Zestaw4Zad4.csproj", "{1621D3ED-AA2D-4FB8-9B5A-D6E2FB281529}"
EndProject
Global
	GlobalSection(SolutionConfigurationPlatforms) = preSolution
		Debug|Any CPU = Debug|Any CPU
		Release|Any CPU = Release|Any CPU
	EndGlobalSection
	GlobalSection(ProjectConfigurationPlatforms) = postSolution
		{1621D3ED-AA2D-4FB8-9B5A-D6E2FB281529}.Debug|Any CPU.ActiveCfg = Debug|Any CPU
		{1621D3ED-AA2D-4FB8-9B5A-D6E2FB281529}.Debug|Any CPU.Build.0 = Debug|Any CPU
		{1621D3ED-AA2D-4FB8-9B5A-D6E2FB281529}.Release|Any CPU.ActiveCfg = Release|Any CPU
		{1621D3ED-AA2D-4FB8-9B5A-D6E2FB281529}.Release|Any CPU.Build.0 = Release|Any CPU
	EndGlobalSection
EndGlobal
