
Microsoft Visual Studio Solution File, Format Version 11.00
# Visual Studio 2010
# SharpDevelop 5.1
Project("{FAE04EC0-301F-11D3-BF4B-00C04F79EFBC}") = "Zestaw3Zad2", "Zestaw3Zad2\Zestaw3Zad2.csproj", "{83A7D049-5547-4A28-B825-7C9C5C780A73}"
EndProject
Global
	GlobalSection(SolutionConfigurationPlatforms) = preSolution
		Debug|Any CPU = Debug|Any CPU
		Release|Any CPU = Release|Any CPU
	EndGlobalSection
	GlobalSection(ProjectConfigurationPlatforms) = postSolution
		{83A7D049-5547-4A28-B825-7C9C5C780A73}.Debug|Any CPU.ActiveCfg = Debug|Any CPU
		{83A7D049-5547-4A28-B825-7C9C5C780A73}.Debug|Any CPU.Build.0 = Debug|Any CPU
		{83A7D049-5547-4A28-B825-7C9C5C780A73}.Release|Any CPU.ActiveCfg = Release|Any CPU
		{83A7D049-5547-4A28-B825-7C9C5C780A73}.Release|Any CPU.Build.0 = Release|Any CPU
	EndGlobalSection
EndGlobal
