
Microsoft Visual Studio Solution File, Format Version 11.00
# Visual Studio 2010
# SharpDevelop 5.1
Project("{FAE04EC0-301F-11D3-BF4B-00C04F79EFBC}") = "Zestaw3Zad1", "Zestaw3Zad1\Zestaw3Zad1.csproj", "{5876441E-D179-4172-95A3-C6BBE2CE2881}"
EndProject
Global
	GlobalSection(SolutionConfigurationPlatforms) = preSolution
		Debug|Any CPU = Debug|Any CPU
		Release|Any CPU = Release|Any CPU
	EndGlobalSection
	GlobalSection(ProjectConfigurationPlatforms) = postSolution
		{5876441E-D179-4172-95A3-C6BBE2CE2881}.Debug|Any CPU.ActiveCfg = Debug|Any CPU
		{5876441E-D179-4172-95A3-C6BBE2CE2881}.Debug|Any CPU.Build.0 = Debug|Any CPU
		{5876441E-D179-4172-95A3-C6BBE2CE2881}.Release|Any CPU.ActiveCfg = Release|Any CPU
		{5876441E-D179-4172-95A3-C6BBE2CE2881}.Release|Any CPU.Build.0 = Release|Any CPU
	EndGlobalSection
EndGlobal
